{
  "nodes": {
    "nixCats": {
      "locked": {
        "lastModified": 1787720571,
        "narHash": "sha256-jvoTU61m2p2knJMIvDwWqkhf5CrmKCkiCO0KR3GIryw=",
        "owner": "BirdeeHub",
        "repo": "nixCats-nvim",
        "rev": "8fcebab53bfe800b963e8db5e28b63baa65850d3",
        "type": "github"
      },
      "original": {
        "owner": "BirdeeHub",
        "repo": "nixCats-nvim",
        "type": "github"
      }
    },
    "nixpkgs": {
      "locked": {
        "lastModified": 1788775869,
        "narHash": "sha256-JRf1lSypbvKj6AzUZHpUA6YC1DirVuitZWOnRwcm+Ww=",
        "owner": "nixos",
        "repo": "nixpkgs",
        "rev": "58973d74f1893afe13f5902919803a0e99da0ca4",
        "type": "github"
      },
      "original": {
        "owner": "nixos",
        "ref": "nixpkgs-unstable",
        "repo": "nixpkgs",
        "type": "github"
      }
    },
    "root": {
      "inputs": {
        "nixCats": "nixCats",
        "nixpkgs": "nixpkgs"
      }
    }
  },
  "root": "root",
  "version": 7
}
